
Microsoft Visual Studio Solution File, Format Version 12.00
# Visual Studio Version 16
VisualStudioVersion = 16.0.31624.102
MinimumVisualStudioVersion = 10.0.40219.1
Project("{FAE04EC0-301F-11D3-BF4B-00C04F79EFBC}") = "AppTest", "AppTest.csproj", "{96BD471B-8586-474A-B5F8-D379D4F8009A}"
EndProject
Global
	GlobalSection(SolutionConfigurationPlatforms) = preSolution
		Debug|Any CPU = Debug|Any CPU
		Release|Any CPU = Release|Any CPU
	EndGlobalSection
	GlobalSection(ProjectConfigurationPlatforms) = postSolution
		{96BD471B-8586-474A-B5F8-D379D4F8009A}.Debug|Any CPU.ActiveCfg = Debug|Any CPU
		{96BD471B-8586-474A-B5F8-D379D4F8009A}.Debug|Any CPU.Build.0 = Debug|Any CPU
		{96BD471B-8586-474A-B5F8-D379D4F8009A}.Release|Any CPU.ActiveCfg = Release|Any CPU
		{96BD471B-8586-474A-B5F8-D379D4F8009A}.Release|Any CPU.Build.0 = Release|Any CPU
	EndGlobalSection
	GlobalSection(SolutionProperties) = preSolution
		HideSolutionNode = FALSE
	EndGlobalSection
	GlobalSection(ExtensibilityGlobals) = postSolution
		SolutionGuid = {30CAC086-8874-4CC3-80B6-AC5F1A08D660}
	EndGlobalSection
EndGlobal
